{
    "version": 3,
    "terraform_version": "0.10.8",
    "serial": 13,
    "lineage": "f3328f55-9fc0-495e-bc1e-f6c07152213b",
    "modules": [
        {
            "path": [
                "root"
            ],
            "outputs": {},
            "resources": {
                "aws_instance.my-instance.0": {
                    "type": "aws_instance",
                    "depends_on": [
                        "aws_subnet.subnets.*"
                    ],
                    "primary": {
                        "id": "i-016cc3c7cdb1a31be",
                        "attributes": {
                            "ami": "ami-531a4c3c",
                            "associate_public_ip_address": "false",
                            "availability_zone": "ap-south-1a",
                            "disable_api_termination": "false",
                            "ebs_block_device.#": "0",
                            "ebs_optimized": "false",
                            "ephemeral_block_device.#": "0",
                            "iam_instance_profile": "",
                            "id": "i-016cc3c7cdb1a31be",
                            "instance_state": "running",
                            "instance_type": "t2.micro",
                            "ipv6_addresses.#": "0",
                            "key_name": "",
                            "monitoring": "false",
                            "network_interface.#": "0",
                            "network_interface_id": "eni-1ef0c641",
                            "placement_group": "",
                            "primary_network_interface_id": "eni-1ef0c641",
                            "private_dns": "ip-10-20-1-23.ap-south-1.compute.internal",
                            "private_ip": "10.20.1.23",
                            "public_dns": "",
                            "public_ip": "",
                            "root_block_device.#": "1",
                            "root_block_device.0.delete_on_termination": "true",
                            "root_block_device.0.iops": "100",
                            "root_block_device.0.volume_id": "vol-06fb11ccfef1263ca",
                            "root_block_device.0.volume_size": "8",
                            "root_block_device.0.volume_type": "gp2",
                            "security_groups.#": "0",
                            "source_dest_check": "true",
                            "subnet_id": "subnet-adc066c5",
                            "tags.%": "2",
                            "tags.Department": "Training",
                            "tags.Name": "ByTerraform",
                            "tenancy": "default",
                            "volume_tags.%": "0",
                            "vpc_security_group_ids.#": "1",
                            "vpc_security_group_ids.713416405": "sg-3cab5857"
                        },
                        "meta": {
                            "e2bfb730-ecaa-11e6-8f88-34363bc7c4c0": {
                                "create": 600000000000,
                                "delete": 600000000000,
                                "update": 600000000000
                            },
                            "schema_version": "1"
                        },
                        "tainted": false
                    },
                    "deposed": [],
                    "provider": ""
                },
                "aws_instance.my-instance.1": {
                    "type": "aws_instance",
                    "depends_on": [
                        "aws_subnet.subnets.*"
                    ],
                    "primary": {
                        "id": "i-061781eb869e63b0f",
                        "attributes": {
                            "ami": "ami-531a4c3c",
                            "associate_public_ip_address": "false",
                            "availability_zone": "ap-south-1b",
                            "disable_api_termination": "false",
                            "ebs_block_device.#": "0",
                            "ebs_optimized": "false",
                            "ephemeral_block_device.#": "0",
                            "iam_instance_profile": "",
                            "id": "i-061781eb869e63b0f",
                            "instance_state": "running",
                            "instance_type": "t2.micro",
                            "ipv6_addresses.#": "0",
                            "key_name": "",
                            "monitoring": "false",
                            "network_interface.#": "0",
                            "network_interface_id": "eni-ea7d15c1",
                            "placement_group": "",
                            "primary_network_interface_id": "eni-ea7d15c1",
                            "private_dns": "ip-10-20-2-196.ap-south-1.compute.internal",
                            "private_ip": "10.20.2.196",
                            "public_dns": "",
                            "public_ip": "",
                            "root_block_device.#": "1",
                            "root_block_device.0.delete_on_termination": "true",
                            "root_block_device.0.iops": "100",
                            "root_block_device.0.volume_id": "vol-0ebc8fac99e88a0ff",
                            "root_block_device.0.volume_size": "8",
                            "root_block_device.0.volume_type": "gp2",
                            "security_groups.#": "0",
                            "source_dest_check": "true",
                            "subnet_id": "subnet-2002136d",
                            "tags.%": "2",
                            "tags.Department": "Training",
                            "tags.Name": "ByTerraform",
                            "tenancy": "default",
                            "volume_tags.%": "0",
                            "vpc_security_group_ids.#": "1",
                            "vpc_security_group_ids.713416405": "sg-3cab5857"
                        },
                        "meta": {
                            "e2bfb730-ecaa-11e6-8f88-34363bc7c4c0": {
                                "create": 600000000000,
                                "delete": 600000000000,
                                "update": 600000000000
                            },
                            "schema_version": "1"
                        },
                        "tainted": false
                    },
                    "deposed": [],
                    "provider": ""
                },
                "aws_instance.my-instance.2": {
                    "type": "aws_instance",
                    "depends_on": [
                        "aws_subnet.subnets.*"
                    ],
                    "primary": {
                        "id": "i-00acffad210daa4d5",
                        "attributes": {
                            "ami": "ami-531a4c3c",
                            "associate_public_ip_address": "false",
                            "availability_zone": "ap-south-1a",
                            "disable_api_termination": "false",
                            "ebs_block_device.#": "0",
                            "ebs_optimized": "false",
                            "ephemeral_block_device.#": "0",
                            "iam_instance_profile": "",
                            "id": "i-00acffad210daa4d5",
                            "instance_state": "running",
                            "instance_type": "t2.micro",
                            "ipv6_addresses.#": "0",
                            "key_name": "",
                            "monitoring": "false",
                            "network_interface.#": "0",
                            "network_interface_id": "eni-a5f0c6fa",
                            "placement_group": "",
                            "primary_network_interface_id": "eni-a5f0c6fa",
                            "private_dns": "ip-10-20-3-244.ap-south-1.compute.internal",
                            "private_ip": "10.20.3.244",
                            "public_dns": "",
                            "public_ip": "",
                            "root_block_device.#": "1",
                            "root_block_device.0.delete_on_termination": "true",
                            "root_block_device.0.iops": "100",
                            "root_block_device.0.volume_id": "vol-0ade87c440fda800b",
                            "root_block_device.0.volume_size": "8",
                            "root_block_device.0.volume_type": "gp2",
                            "security_groups.#": "0",
                            "source_dest_check": "true",
                            "subnet_id": "subnet-d1c066b9",
                            "tags.%": "2",
                            "tags.Department": "Training",
                            "tags.Name": "ByTerraform",
                            "tenancy": "default",
                            "volume_tags.%": "0",
                            "vpc_security_group_ids.#": "1",
                            "vpc_security_group_ids.713416405": "sg-3cab5857"
                        },
                        "meta": {
                            "e2bfb730-ecaa-11e6-8f88-34363bc7c4c0": {
                                "create": 600000000000,
                                "delete": 600000000000,
                                "update": 600000000000
                            },
                            "schema_version": "1"
                        },
                        "tainted": false
                    },
                    "deposed": [],
                    "provider": ""
                },
                "aws_internet_gateway.igw": {
                    "type": "aws_internet_gateway",
                    "depends_on": [
                        "aws_vpc.myvpc"
                    ],
                    "primary": {
                        "id": "igw-a6d4fdcf",
                        "attributes": {
                            "id": "igw-a6d4fdcf",
                            "tags.%": "1",
                            "tags.Name": "myvpc-igw",
                            "vpc_id": "vpc-fd19c195"
                        },
                        "meta": {},
                        "tainted": false
                    },
                    "deposed": [],
                    "provider": ""
                },
                "aws_route_table.public_rt": {
                    "type": "aws_route_table",
                    "depends_on": [
                        "aws_internet_gateway.igw",
                        "aws_vpc.myvpc"
                    ],
                    "primary": {
                        "id": "rtb-5f47cf37",
                        "attributes": {
                            "id": "rtb-5f47cf37",
                            "propagating_vgws.#": "0",
                            "route.#": "1",
                            "route.4107038102.cidr_block": "0.0.0.0/0",
                            "route.4107038102.egress_only_gateway_id": "",
                            "route.4107038102.gateway_id": "igw-a6d4fdcf",
                            "route.4107038102.instance_id": "",
                            "route.4107038102.ipv6_cidr_block": "",
                            "route.4107038102.nat_gateway_id": "",
                            "route.4107038102.network_interface_id": "",
                            "route.4107038102.vpc_peering_connection_id": "",
                            "tags.%": "1",
                            "tags.Name": "main",
                            "vpc_id": "vpc-fd19c195"
                        },
                        "meta": {},
                        "tainted": false
                    },
                    "deposed": [],
                    "provider": ""
                },
                "aws_route_table_association.a.0": {
                    "type": "aws_route_table_association",
                    "depends_on": [
                        "aws_route_table.public_rt",
                        "aws_subnet.subnets.*"
                    ],
                    "primary": {
                        "id": "rtbassoc-71f2c319",
                        "attributes": {
                            "id": "rtbassoc-71f2c319",
                            "route_table_id": "rtb-5f47cf37",
                            "subnet_id": "subnet-adc066c5"
                        },
                        "meta": {},
                        "tainted": false
                    },
                    "deposed": [],
                    "provider": ""
                },
                "aws_route_table_association.a.1": {
                    "type": "aws_route_table_association",
                    "depends_on": [
                        "aws_route_table.public_rt",
                        "aws_subnet.subnets.*"
                    ],
                    "primary": {
                        "id": "rtbassoc-54f0c13c",
                        "attributes": {
                            "id": "rtbassoc-54f0c13c",
                            "route_table_id": "rtb-5f47cf37",
                            "subnet_id": "subnet-2002136d"
                        },
                        "meta": {},
                        "tainted": false
                    },
                    "deposed": [],
                    "provider": ""
                },
                "aws_route_table_association.a.2": {
                    "type": "aws_route_table_association",
                    "depends_on": [
                        "aws_route_table.public_rt",
                        "aws_subnet.subnets.*"
                    ],
                    "primary": {
                        "id": "rtbassoc-07f5c46f",
                        "attributes": {
                            "id": "rtbassoc-07f5c46f",
                            "route_table_id": "rtb-5f47cf37",
                            "subnet_id": "subnet-d1c066b9"
                        },
                        "meta": {},
                        "tainted": false
                    },
                    "deposed": [],
                    "provider": ""
                },
                "aws_subnet.subnets.0": {
                    "type": "aws_subnet",
                    "depends_on": [
                        "aws_vpc.myvpc"
                    ],
                    "primary": {
                        "id": "subnet-adc066c5",
                        "attributes": {
                            "assign_ipv6_address_on_creation": "false",
                            "availability_zone": "ap-south-1a",
                            "cidr_block": "10.20.1.0/24",
                            "id": "subnet-adc066c5",
                            "map_public_ip_on_launch": "false",
                            "tags.%": "1",
                            "tags.Name": "Subnet-1",
                            "vpc_id": "vpc-fd19c195"
                        },
                        "meta": {
                            "schema_version": "1"
                        },
                        "tainted": false
                    },
                    "deposed": [],
                    "provider": ""
                },
                "aws_subnet.subnets.1": {
                    "type": "aws_subnet",
                    "depends_on": [
                        "aws_vpc.myvpc"
                    ],
                    "primary": {
                        "id": "subnet-2002136d",
                        "attributes": {
                            "assign_ipv6_address_on_creation": "false",
                            "availability_zone": "ap-south-1b",
                            "cidr_block": "10.20.2.0/24",
                            "id": "subnet-2002136d",
                            "map_public_ip_on_launch": "false",
                            "tags.%": "1",
                            "tags.Name": "Subnet-2",
                            "vpc_id": "vpc-fd19c195"
                        },
                        "meta": {
                            "schema_version": "1"
                        },
                        "tainted": false
                    },
                    "deposed": [],
                    "provider": ""
                },
                "aws_subnet.subnets.2": {
                    "type": "aws_subnet",
                    "depends_on": [
                        "aws_vpc.myvpc"
                    ],
                    "primary": {
                        "id": "subnet-d1c066b9",
                        "attributes": {
                            "assign_ipv6_address_on_creation": "false",
                            "availability_zone": "ap-south-1a",
                            "cidr_block": "10.20.3.0/24",
                            "id": "subnet-d1c066b9",
                            "map_public_ip_on_launch": "false",
                            "tags.%": "1",
                            "tags.Name": "Subnet-3",
                            "vpc_id": "vpc-fd19c195"
                        },
                        "meta": {
                            "schema_version": "1"
                        },
                        "tainted": false
                    },
                    "deposed": [],
                    "provider": ""
                },
                "aws_vpc.myvpc": {
                    "type": "aws_vpc",
                    "depends_on": [],
                    "primary": {
                        "id": "vpc-fd19c195",
                        "attributes": {
                            "assign_generated_ipv6_cidr_block": "false",
                            "cidr_block": "10.20.0.0/16",
                            "default_network_acl_id": "acl-b83088d0",
                            "default_route_table_id": "rtb-7d4cc415",
                            "default_security_group_id": "sg-3cab5857",
                            "dhcp_options_id": "dopt-6204ad0a",
                            "enable_dns_hostnames": "false",
                            "enable_dns_support": "true",
                            "id": "vpc-fd19c195",
                            "instance_tenancy": "default",
                            "main_route_table_id": "rtb-7d4cc415",
                            "tags.%": "1",
                            "tags.Name": "myvpc"
                        },
                        "meta": {
                            "schema_version": "1"
                        },
                        "tainted": false
                    },
                    "deposed": [],
                    "provider": ""
                }
            },
            "depends_on": []
        }
    ]
}
