{
    "version": 3,
    "terraform_version": "0.10.8",
    "serial": 31,
    "lineage": "f3328f55-9fc0-495e-bc1e-f6c07152213b",
    "modules": [
        {
            "path": [
                "root"
            ],
            "outputs": {
                "elb_dns": {
                    "sensitive": false,
                    "type": "string",
                    "value": "javahome-elb-1725194734.ap-south-1.elb.amazonaws.com"
                },
                "public_ips": {
                    "sensitive": false,
                    "type": "list",
                    "value": [
                        "13.126.206.96",
                        "13.127.152.89",
                        "13.127.41.38"
                    ]
                }
            },
            "resources": {
                "aws_elb.javahome_elb": {
                    "type": "aws_elb",
                    "depends_on": [
                        "aws_instance.my-instance.*",
                        "aws_security_group.webservers_sg",
                        "aws_subnet.subnets.*"
                    ],
                    "primary": {
                        "id": "javahome-elb",
                        "attributes": {
                            "access_logs.#": "0",
                            "arn": "arn:aws:elasticloadbalancing:ap-south-1:915530126681:loadbalancer/javahome-elb",
                            "availability_zones.#": "2",
                            "availability_zones.1163474009": "ap-south-1a",
                            "availability_zones.3696256483": "ap-south-1b",
                            "connection_draining": "true",
                            "connection_draining_timeout": "400",
                            "cross_zone_load_balancing": "true",
                            "dns_name": "javahome-elb-1725194734.ap-south-1.elb.amazonaws.com",
                            "health_check.#": "1",
                            "health_check.0.healthy_threshold": "2",
                            "health_check.0.interval": "10",
                            "health_check.0.target": "HTTP:80/index.html",
                            "health_check.0.timeout": "3",
                            "health_check.0.unhealthy_threshold": "2",
                            "id": "javahome-elb",
                            "idle_timeout": "400",
                            "instances.#": "3",
                            "instances.3181618975": "i-0bf48e45745c8c45c",
                            "instances.3312570606": "i-064d4893bae8ba33f",
                            "instances.882821412": "i-0d8a62d87cedfd76b",
                            "internal": "false",
                            "listener.#": "1",
                            "listener.3057123346.instance_port": "80",
                            "listener.3057123346.instance_protocol": "http",
                            "listener.3057123346.lb_port": "80",
                            "listener.3057123346.lb_protocol": "http",
                            "listener.3057123346.ssl_certificate_id": "",
                            "name": "javahome-elb",
                            "security_groups.#": "1",
                            "security_groups.1993995827": "sg-97837afc",
                            "source_security_group": "915530126681/webservers_sg",
                            "source_security_group_id": "sg-97837afc",
                            "subnets.#": "2",
                            "subnets.1996992524": "subnet-d2a5b79f",
                            "subnets.2952943789": "subnet-c916b5a1",
                            "tags.%": "1",
                            "tags.Name": "javahome-terraform-elb",
                            "zone_id": "ZP97RAFLXTNZK"
                        },
                        "meta": {},
                        "tainted": false
                    },
                    "deposed": [],
                    "provider": ""
                },
                "aws_iam_policy.policy": {
                    "type": "aws_iam_policy",
                    "depends_on": [],
                    "primary": {
                        "id": "arn:aws:iam::915530126681:policy/test_policy",
                        "attributes": {
                            "arn": "arn:aws:iam::915530126681:policy/test_policy",
                            "description": "My test policy",
                            "id": "arn:aws:iam::915530126681:policy/test_policy",
                            "name": "test_policy",
                            "path": "/",
                            "policy": "{\n  \"Version\": \"2012-10-17\",\n  \"Statement\": [\n    {\n      \"Action\": [\n        \"ec2:Describe*\"\n      ],\n      \"Effect\": \"Allow\",\n      \"Resource\": \"*\"\n    }\n  ]\n}\n"
                        },
                        "meta": {},
                        "tainted": false
                    },
                    "deposed": [],
                    "provider": ""
                },
                "aws_instance.my-instance.0": {
                    "type": "aws_instance",
                    "depends_on": [
                        "aws_security_group.webservers_sg",
                        "aws_subnet.subnets.*"
                    ],
                    "primary": {
                        "id": "i-0bf48e45745c8c45c",
                        "attributes": {
                            "ami": "ami-531a4c3c",
                            "associate_public_ip_address": "true",
                            "availability_zone": "ap-south-1a",
                            "disable_api_termination": "false",
                            "ebs_block_device.#": "0",
                            "ebs_optimized": "false",
                            "ephemeral_block_device.#": "0",
                            "iam_instance_profile": "",
                            "id": "i-0bf48e45745c8c45c",
                            "instance_state": "running",
                            "instance_type": "t2.micro",
                            "ipv6_addresses.#": "0",
                            "key_name": "",
                            "monitoring": "false",
                            "network_interface.#": "0",
                            "network_interface_id": "eni-2b9da274",
                            "placement_group": "",
                            "primary_network_interface_id": "eni-2b9da274",
                            "private_dns": "ip-10-20-1-148.ap-south-1.compute.internal",
                            "private_ip": "10.20.1.148",
                            "public_dns": "",
                            "public_ip": "13.126.206.96",
                            "root_block_device.#": "1",
                            "root_block_device.0.delete_on_termination": "true",
                            "root_block_device.0.iops": "100",
                            "root_block_device.0.volume_id": "vol-082bd5c0647502b19",
                            "root_block_device.0.volume_size": "8",
                            "root_block_device.0.volume_type": "gp2",
                            "security_groups.#": "0",
                            "source_dest_check": "true",
                            "subnet_id": "subnet-c916b5a1",
                            "tags.%": "2",
                            "tags.Department": "Training",
                            "tags.Name": "ByTerraform",
                            "tenancy": "default",
                            "user_data": "f69fbdbeca4b218bb18acbb727a9914a0f91b300",
                            "volume_tags.%": "0",
                            "vpc_security_group_ids.#": "1",
                            "vpc_security_group_ids.1993995827": "sg-97837afc"
                        },
                        "meta": {
                            "e2bfb730-ecaa-11e6-8f88-34363bc7c4c0": {
                                "create": 600000000000,
                                "delete": 600000000000,
                                "update": 600000000000
                            },
                            "schema_version": "1"
                        },
                        "tainted": false
                    },
                    "deposed": [],
                    "provider": ""
                },
                "aws_instance.my-instance.1": {
                    "type": "aws_instance",
                    "depends_on": [
                        "aws_security_group.webservers_sg",
                        "aws_subnet.subnets.*"
                    ],
                    "primary": {
                        "id": "i-0d8a62d87cedfd76b",
                        "attributes": {
                            "ami": "ami-531a4c3c",
                            "associate_public_ip_address": "true",
                            "availability_zone": "ap-south-1b",
                            "disable_api_termination": "false",
                            "ebs_block_device.#": "0",
                            "ebs_optimized": "false",
                            "ephemeral_block_device.#": "0",
                            "iam_instance_profile": "",
                            "id": "i-0d8a62d87cedfd76b",
                            "instance_state": "running",
                            "instance_type": "t2.micro",
                            "ipv6_addresses.#": "0",
                            "key_name": "",
                            "monitoring": "false",
                            "network_interface.#": "0",
                            "network_interface_id": "eni-8d2c5aa6",
                            "placement_group": "",
                            "primary_network_interface_id": "eni-8d2c5aa6",
                            "private_dns": "ip-10-20-2-7.ap-south-1.compute.internal",
                            "private_ip": "10.20.2.7",
                            "public_dns": "",
                            "public_ip": "13.127.152.89",
                            "root_block_device.#": "1",
                            "root_block_device.0.delete_on_termination": "true",
                            "root_block_device.0.iops": "100",
                            "root_block_device.0.volume_id": "vol-04650336984ad243d",
                            "root_block_device.0.volume_size": "8",
                            "root_block_device.0.volume_type": "gp2",
                            "security_groups.#": "0",
                            "source_dest_check": "true",
                            "subnet_id": "subnet-d2a5b79f",
                            "tags.%": "2",
                            "tags.Department": "Training",
                            "tags.Name": "ByTerraform",
                            "tenancy": "default",
                            "user_data": "f69fbdbeca4b218bb18acbb727a9914a0f91b300",
                            "volume_tags.%": "0",
                            "vpc_security_group_ids.#": "1",
                            "vpc_security_group_ids.1993995827": "sg-97837afc"
                        },
                        "meta": {
                            "e2bfb730-ecaa-11e6-8f88-34363bc7c4c0": {
                                "create": 600000000000,
                                "delete": 600000000000,
                                "update": 600000000000
                            },
                            "schema_version": "1"
                        },
                        "tainted": false
                    },
                    "deposed": [],
                    "provider": ""
                },
                "aws_instance.my-instance.2": {
                    "type": "aws_instance",
                    "depends_on": [
                        "aws_security_group.webservers_sg",
                        "aws_subnet.subnets.*"
                    ],
                    "primary": {
                        "id": "i-064d4893bae8ba33f",
                        "attributes": {
                            "ami": "ami-531a4c3c",
                            "associate_public_ip_address": "true",
                            "availability_zone": "ap-south-1a",
                            "disable_api_termination": "false",
                            "ebs_block_device.#": "0",
                            "ebs_optimized": "false",
                            "ephemeral_block_device.#": "0",
                            "iam_instance_profile": "",
                            "id": "i-064d4893bae8ba33f",
                            "instance_state": "running",
                            "instance_type": "t2.micro",
                            "ipv6_addresses.#": "0",
                            "key_name": "",
                            "monitoring": "false",
                            "network_interface.#": "0",
                            "network_interface_id": "eni-d19aa58e",
                            "placement_group": "",
                            "primary_network_interface_id": "eni-d19aa58e",
                            "private_dns": "ip-10-20-1-87.ap-south-1.compute.internal",
                            "private_ip": "10.20.1.87",
                            "public_dns": "",
                            "public_ip": "13.127.41.38",
                            "root_block_device.#": "1",
                            "root_block_device.0.delete_on_termination": "true",
                            "root_block_device.0.iops": "100",
                            "root_block_device.0.volume_id": "vol-0f8dff9dc209c2586",
                            "root_block_device.0.volume_size": "8",
                            "root_block_device.0.volume_type": "gp2",
                            "security_groups.#": "0",
                            "source_dest_check": "true",
                            "subnet_id": "subnet-c916b5a1",
                            "tags.%": "2",
                            "tags.Department": "Training",
                            "tags.Name": "ByTerraform",
                            "tenancy": "default",
                            "user_data": "f69fbdbeca4b218bb18acbb727a9914a0f91b300",
                            "volume_tags.%": "0",
                            "vpc_security_group_ids.#": "1",
                            "vpc_security_group_ids.1993995827": "sg-97837afc"
                        },
                        "meta": {
                            "e2bfb730-ecaa-11e6-8f88-34363bc7c4c0": {
                                "create": 600000000000,
                                "delete": 600000000000,
                                "update": 600000000000
                            },
                            "schema_version": "1"
                        },
                        "tainted": false
                    },
                    "deposed": [],
                    "provider": ""
                },
                "aws_internet_gateway.igw": {
                    "type": "aws_internet_gateway",
                    "depends_on": [
                        "aws_vpc.myvpc"
                    ],
                    "primary": {
                        "id": "igw-5203283b",
                        "attributes": {
                            "id": "igw-5203283b",
                            "tags.%": "1",
                            "tags.Name": "myvpc-igw",
                            "vpc_id": "vpc-c88e2aa0"
                        },
                        "meta": {},
                        "tainted": false
                    },
                    "deposed": [],
                    "provider": ""
                },
                "aws_route_table.public_rt": {
                    "type": "aws_route_table",
                    "depends_on": [
                        "aws_internet_gateway.igw",
                        "aws_vpc.myvpc"
                    ],
                    "primary": {
                        "id": "rtb-2b3aae43",
                        "attributes": {
                            "id": "rtb-2b3aae43",
                            "propagating_vgws.#": "0",
                            "route.#": "1",
                            "route.2573497587.cidr_block": "0.0.0.0/0",
                            "route.2573497587.egress_only_gateway_id": "",
                            "route.2573497587.gateway_id": "igw-5203283b",
                            "route.2573497587.instance_id": "",
                            "route.2573497587.ipv6_cidr_block": "",
                            "route.2573497587.nat_gateway_id": "",
                            "route.2573497587.network_interface_id": "",
                            "route.2573497587.vpc_peering_connection_id": "",
                            "tags.%": "1",
                            "tags.Name": "main",
                            "vpc_id": "vpc-c88e2aa0"
                        },
                        "meta": {},
                        "tainted": false
                    },
                    "deposed": [],
                    "provider": ""
                },
                "aws_route_table_association.a.0": {
                    "type": "aws_route_table_association",
                    "depends_on": [
                        "aws_route_table.public_rt",
                        "aws_subnet.subnets.*"
                    ],
                    "primary": {
                        "id": "rtbassoc-24211f4c",
                        "attributes": {
                            "id": "rtbassoc-24211f4c",
                            "route_table_id": "rtb-2b3aae43",
                            "subnet_id": "subnet-c916b5a1"
                        },
                        "meta": {},
                        "tainted": false
                    },
                    "deposed": [],
                    "provider": ""
                },
                "aws_route_table_association.a.1": {
                    "type": "aws_route_table_association",
                    "depends_on": [
                        "aws_route_table.public_rt",
                        "aws_subnet.subnets.*"
                    ],
                    "primary": {
                        "id": "rtbassoc-9c201ef4",
                        "attributes": {
                            "id": "rtbassoc-9c201ef4",
                            "route_table_id": "rtb-2b3aae43",
                            "subnet_id": "subnet-d2a5b79f"
                        },
                        "meta": {},
                        "tainted": false
                    },
                    "deposed": [],
                    "provider": ""
                },
                "aws_security_group.webservers_sg": {
                    "type": "aws_security_group",
                    "depends_on": [
                        "aws_vpc.myvpc"
                    ],
                    "primary": {
                        "id": "sg-97837afc",
                        "attributes": {
                            "description": "Allow http and ssh traffic",
                            "egress.#": "1",
                            "egress.482069346.cidr_blocks.#": "1",
                            "egress.482069346.cidr_blocks.0": "0.0.0.0/0",
                            "egress.482069346.description": "",
                            "egress.482069346.from_port": "0",
                            "egress.482069346.ipv6_cidr_blocks.#": "0",
                            "egress.482069346.prefix_list_ids.#": "0",
                            "egress.482069346.protocol": "-1",
                            "egress.482069346.security_groups.#": "0",
                            "egress.482069346.self": "false",
                            "egress.482069346.to_port": "0",
                            "id": "sg-97837afc",
                            "ingress.#": "2",
                            "ingress.2214680975.cidr_blocks.#": "1",
                            "ingress.2214680975.cidr_blocks.0": "0.0.0.0/0",
                            "ingress.2214680975.description": "",
                            "ingress.2214680975.from_port": "80",
                            "ingress.2214680975.ipv6_cidr_blocks.#": "0",
                            "ingress.2214680975.protocol": "tcp",
                            "ingress.2214680975.security_groups.#": "0",
                            "ingress.2214680975.self": "false",
                            "ingress.2214680975.to_port": "80",
                            "ingress.2541437006.cidr_blocks.#": "1",
                            "ingress.2541437006.cidr_blocks.0": "0.0.0.0/0",
                            "ingress.2541437006.description": "",
                            "ingress.2541437006.from_port": "22",
                            "ingress.2541437006.ipv6_cidr_blocks.#": "0",
                            "ingress.2541437006.protocol": "tcp",
                            "ingress.2541437006.security_groups.#": "0",
                            "ingress.2541437006.self": "false",
                            "ingress.2541437006.to_port": "22",
                            "name": "webservers_sg",
                            "owner_id": "915530126681",
                            "revoke_rules_on_delete": "false",
                            "tags.%": "0",
                            "vpc_id": "vpc-c88e2aa0"
                        },
                        "meta": {
                            "schema_version": "1"
                        },
                        "tainted": false
                    },
                    "deposed": [],
                    "provider": ""
                },
                "aws_subnet.manual": {
                    "type": "aws_subnet",
                    "depends_on": [],
                    "primary": {
                        "id": "subnet-3f16b557",
                        "attributes": {
                            "assign_ipv6_address_on_creation": "false",
                            "availability_zone": "ap-south-1a",
                            "cidr_block": "10.20.5.0/24",
                            "id": "subnet-3f16b557",
                            "map_public_ip_on_launch": "false",
                            "tags.%": "1",
                            "tags.Name": "manual",
                            "vpc_id": "vpc-c88e2aa0"
                        },
                        "meta": {
                            "schema_version": "1"
                        },
                        "tainted": false
                    },
                    "deposed": [],
                    "provider": "aws"
                },
                "aws_subnet.subnets.0": {
                    "type": "aws_subnet",
                    "depends_on": [
                        "aws_vpc.myvpc",
                        "data.aws_availability_zones.azs"
                    ],
                    "primary": {
                        "id": "subnet-c916b5a1",
                        "attributes": {
                            "assign_ipv6_address_on_creation": "false",
                            "availability_zone": "ap-south-1a",
                            "cidr_block": "10.20.1.0/24",
                            "id": "subnet-c916b5a1",
                            "map_public_ip_on_launch": "false",
                            "tags.%": "1",
                            "tags.Name": "Subnet-1",
                            "vpc_id": "vpc-c88e2aa0"
                        },
                        "meta": {
                            "schema_version": "1"
                        },
                        "tainted": false
                    },
                    "deposed": [],
                    "provider": ""
                },
                "aws_subnet.subnets.1": {
                    "type": "aws_subnet",
                    "depends_on": [
                        "aws_vpc.myvpc",
                        "data.aws_availability_zones.azs"
                    ],
                    "primary": {
                        "id": "subnet-d2a5b79f",
                        "attributes": {
                            "assign_ipv6_address_on_creation": "false",
                            "availability_zone": "ap-south-1b",
                            "cidr_block": "10.20.2.0/24",
                            "id": "subnet-d2a5b79f",
                            "map_public_ip_on_launch": "false",
                            "tags.%": "1",
                            "tags.Name": "Subnet-2",
                            "vpc_id": "vpc-c88e2aa0"
                        },
                        "meta": {
                            "schema_version": "1"
                        },
                        "tainted": false
                    },
                    "deposed": [],
                    "provider": ""
                },
                "aws_vpc.myvpc": {
                    "type": "aws_vpc",
                    "depends_on": [],
                    "primary": {
                        "id": "vpc-c88e2aa0",
                        "attributes": {
                            "assign_generated_ipv6_cidr_block": "false",
                            "cidr_block": "10.20.0.0/16",
                            "default_network_acl_id": "acl-59c24531",
                            "default_route_table_id": "rtb-8839ade0",
                            "default_security_group_id": "sg-77857c1c",
                            "dhcp_options_id": "dopt-6204ad0a",
                            "enable_dns_hostnames": "false",
                            "enable_dns_support": "true",
                            "id": "vpc-c88e2aa0",
                            "instance_tenancy": "default",
                            "main_route_table_id": "rtb-8839ade0",
                            "tags.%": "1",
                            "tags.Name": "myvpc"
                        },
                        "meta": {
                            "schema_version": "1"
                        },
                        "tainted": false
                    },
                    "deposed": [],
                    "provider": ""
                },
                "data.aws_availability_zones.azs": {
                    "type": "aws_availability_zones",
                    "depends_on": [],
                    "primary": {
                        "id": "2018-01-30 02:46:46.541432333 +0000 UTC",
                        "attributes": {
                            "id": "2018-01-30 02:46:46.541432333 +0000 UTC",
                            "names.#": "2",
                            "names.0": "ap-south-1a",
                            "names.1": "ap-south-1b"
                        },
                        "meta": {},
                        "tainted": false
                    },
                    "deposed": [],
                    "provider": ""
                }
            },
            "depends_on": []
        }
    ]
}
