{
    "version": 3,
    "terraform_version": "0.10.8",
    "serial": 25,
    "lineage": "f3328f55-9fc0-495e-bc1e-f6c07152213b",
    "modules": [
        {
            "path": [
                "root"
            ],
            "outputs": {
                "elb_dns": {
                    "sensitive": false,
                    "type": "string",
                    "value": "javahome-elb-1477150886.ap-south-1.elb.amazonaws.com"
                },
                "public_ips": {
                    "sensitive": false,
                    "type": "list",
                    "value": [
                        "13.127.136.226",
                        "13.127.29.7",
                        "13.126.247.138"
                    ]
                }
            },
            "resources": {
                "aws_elb.javahome_elb": {
                    "type": "aws_elb",
                    "depends_on": [
                        "aws_instance.my-instance.*",
                        "aws_security_group.webservers_sg",
                        "aws_subnet.subnets.*"
                    ],
                    "primary": {
                        "id": "javahome-elb",
                        "attributes": {
                            "access_logs.#": "0",
                            "arn": "arn:aws:elasticloadbalancing:ap-south-1:915530126681:loadbalancer/javahome-elb",
                            "availability_zones.#": "2",
                            "availability_zones.1163474009": "ap-south-1a",
                            "availability_zones.3696256483": "ap-south-1b",
                            "connection_draining": "true",
                            "connection_draining_timeout": "400",
                            "cross_zone_load_balancing": "true",
                            "dns_name": "javahome-elb-1477150886.ap-south-1.elb.amazonaws.com",
                            "health_check.#": "1",
                            "health_check.0.healthy_threshold": "2",
                            "health_check.0.interval": "10",
                            "health_check.0.target": "HTTP:80/index.html",
                            "health_check.0.timeout": "3",
                            "health_check.0.unhealthy_threshold": "2",
                            "id": "javahome-elb",
                            "idle_timeout": "400",
                            "instances.#": "3",
                            "instances.1091281197": "i-07f3f7f617501aeb9",
                            "instances.1969215720": "i-00c9320d8a580a2b1",
                            "instances.3271072240": "i-0c202f1a8a811207e",
                            "internal": "false",
                            "listener.#": "1",
                            "listener.3057123346.instance_port": "80",
                            "listener.3057123346.instance_protocol": "http",
                            "listener.3057123346.lb_port": "80",
                            "listener.3057123346.lb_protocol": "http",
                            "listener.3057123346.ssl_certificate_id": "",
                            "name": "javahome-elb",
                            "security_groups.#": "1",
                            "security_groups.1679415683": "sg-873ec1ec",
                            "source_security_group": "915530126681/webservers_sg",
                            "source_security_group_id": "sg-873ec1ec",
                            "subnets.#": "2",
                            "subnets.3242001640": "subnet-de3494b6",
                            "subnets.864285772": "subnet-c5b3a088",
                            "tags.%": "1",
                            "tags.Name": "javahome-terraform-elb",
                            "zone_id": "ZP97RAFLXTNZK"
                        },
                        "meta": {},
                        "tainted": false
                    },
                    "deposed": [],
                    "provider": ""
                },
                "aws_instance.my-instance.0": {
                    "type": "aws_instance",
                    "depends_on": [
                        "aws_security_group.webservers_sg",
                        "aws_subnet.subnets.*"
                    ],
                    "primary": {
                        "id": "i-0c202f1a8a811207e",
                        "attributes": {
                            "ami": "ami-531a4c3c",
                            "associate_public_ip_address": "true",
                            "availability_zone": "ap-south-1a",
                            "disable_api_termination": "false",
                            "ebs_block_device.#": "0",
                            "ebs_optimized": "false",
                            "ephemeral_block_device.#": "0",
                            "iam_instance_profile": "",
                            "id": "i-0c202f1a8a811207e",
                            "instance_state": "running",
                            "instance_type": "t2.micro",
                            "ipv6_addresses.#": "0",
                            "key_name": "",
                            "monitoring": "false",
                            "network_interface.#": "0",
                            "network_interface_id": "eni-f76c50a8",
                            "placement_group": "",
                            "primary_network_interface_id": "eni-f76c50a8",
                            "private_dns": "ip-10-20-1-75.ap-south-1.compute.internal",
                            "private_ip": "10.20.1.75",
                            "public_dns": "",
                            "public_ip": "13.127.136.226",
                            "root_block_device.#": "1",
                            "root_block_device.0.delete_on_termination": "true",
                            "root_block_device.0.iops": "100",
                            "root_block_device.0.volume_id": "vol-01ddbde0e486c399b",
                            "root_block_device.0.volume_size": "8",
                            "root_block_device.0.volume_type": "gp2",
                            "security_groups.#": "0",
                            "source_dest_check": "true",
                            "subnet_id": "subnet-de3494b6",
                            "tags.%": "2",
                            "tags.Department": "Training",
                            "tags.Name": "ByTerraform",
                            "tenancy": "default",
                            "user_data": "f69fbdbeca4b218bb18acbb727a9914a0f91b300",
                            "volume_tags.%": "0",
                            "vpc_security_group_ids.#": "1",
                            "vpc_security_group_ids.1679415683": "sg-873ec1ec"
                        },
                        "meta": {
                            "e2bfb730-ecaa-11e6-8f88-34363bc7c4c0": {
                                "create": 600000000000,
                                "delete": 600000000000,
                                "update": 600000000000
                            },
                            "schema_version": "1"
                        },
                        "tainted": false
                    },
                    "deposed": [],
                    "provider": ""
                },
                "aws_instance.my-instance.1": {
                    "type": "aws_instance",
                    "depends_on": [
                        "aws_security_group.webservers_sg",
                        "aws_subnet.subnets.*"
                    ],
                    "primary": {
                        "id": "i-00c9320d8a580a2b1",
                        "attributes": {
                            "ami": "ami-531a4c3c",
                            "associate_public_ip_address": "true",
                            "availability_zone": "ap-south-1b",
                            "disable_api_termination": "false",
                            "ebs_block_device.#": "0",
                            "ebs_optimized": "false",
                            "ephemeral_block_device.#": "0",
                            "iam_instance_profile": "",
                            "id": "i-00c9320d8a580a2b1",
                            "instance_state": "running",
                            "instance_type": "t2.micro",
                            "ipv6_addresses.#": "0",
                            "key_name": "",
                            "monitoring": "false",
                            "network_interface.#": "0",
                            "network_interface_id": "eni-f388fcd8",
                            "placement_group": "",
                            "primary_network_interface_id": "eni-f388fcd8",
                            "private_dns": "ip-10-20-2-163.ap-south-1.compute.internal",
                            "private_ip": "10.20.2.163",
                            "public_dns": "",
                            "public_ip": "13.127.29.7",
                            "root_block_device.#": "1",
                            "root_block_device.0.delete_on_termination": "true",
                            "root_block_device.0.iops": "100",
                            "root_block_device.0.volume_id": "vol-02d162f3973fd03a6",
                            "root_block_device.0.volume_size": "8",
                            "root_block_device.0.volume_type": "gp2",
                            "security_groups.#": "0",
                            "source_dest_check": "true",
                            "subnet_id": "subnet-c5b3a088",
                            "tags.%": "2",
                            "tags.Department": "Training",
                            "tags.Name": "ByTerraform",
                            "tenancy": "default",
                            "user_data": "f69fbdbeca4b218bb18acbb727a9914a0f91b300",
                            "volume_tags.%": "0",
                            "vpc_security_group_ids.#": "1",
                            "vpc_security_group_ids.1679415683": "sg-873ec1ec"
                        },
                        "meta": {
                            "e2bfb730-ecaa-11e6-8f88-34363bc7c4c0": {
                                "create": 600000000000,
                                "delete": 600000000000,
                                "update": 600000000000
                            },
                            "schema_version": "1"
                        },
                        "tainted": false
                    },
                    "deposed": [],
                    "provider": ""
                },
                "aws_instance.my-instance.2": {
                    "type": "aws_instance",
                    "depends_on": [
                        "aws_security_group.webservers_sg",
                        "aws_subnet.subnets.*"
                    ],
                    "primary": {
                        "id": "i-07f3f7f617501aeb9",
                        "attributes": {
                            "ami": "ami-531a4c3c",
                            "associate_public_ip_address": "true",
                            "availability_zone": "ap-south-1a",
                            "disable_api_termination": "false",
                            "ebs_block_device.#": "0",
                            "ebs_optimized": "false",
                            "ephemeral_block_device.#": "0",
                            "iam_instance_profile": "",
                            "id": "i-07f3f7f617501aeb9",
                            "instance_state": "running",
                            "instance_type": "t2.micro",
                            "ipv6_addresses.#": "0",
                            "key_name": "",
                            "monitoring": "false",
                            "network_interface.#": "0",
                            "network_interface_id": "eni-c2675b9d",
                            "placement_group": "",
                            "primary_network_interface_id": "eni-c2675b9d",
                            "private_dns": "ip-10-20-1-249.ap-south-1.compute.internal",
                            "private_ip": "10.20.1.249",
                            "public_dns": "",
                            "public_ip": "13.126.247.138",
                            "root_block_device.#": "1",
                            "root_block_device.0.delete_on_termination": "true",
                            "root_block_device.0.iops": "100",
                            "root_block_device.0.volume_id": "vol-0b778ee39cd5d3553",
                            "root_block_device.0.volume_size": "8",
                            "root_block_device.0.volume_type": "gp2",
                            "security_groups.#": "0",
                            "source_dest_check": "true",
                            "subnet_id": "subnet-de3494b6",
                            "tags.%": "2",
                            "tags.Department": "Training",
                            "tags.Name": "ByTerraform",
                            "tenancy": "default",
                            "user_data": "f69fbdbeca4b218bb18acbb727a9914a0f91b300",
                            "volume_tags.%": "0",
                            "vpc_security_group_ids.#": "1",
                            "vpc_security_group_ids.1679415683": "sg-873ec1ec"
                        },
                        "meta": {
                            "e2bfb730-ecaa-11e6-8f88-34363bc7c4c0": {
                                "create": 600000000000,
                                "delete": 600000000000,
                                "update": 600000000000
                            },
                            "schema_version": "1"
                        },
                        "tainted": false
                    },
                    "deposed": [],
                    "provider": ""
                },
                "aws_internet_gateway.igw": {
                    "type": "aws_internet_gateway",
                    "depends_on": [
                        "aws_vpc.myvpc"
                    ],
                    "primary": {
                        "id": "igw-fc91b995",
                        "attributes": {
                            "id": "igw-fc91b995",
                            "tags.%": "1",
                            "tags.Name": "myvpc-igw",
                            "vpc_id": "vpc-bba702d3"
                        },
                        "meta": {},
                        "tainted": false
                    },
                    "deposed": [],
                    "provider": ""
                },
                "aws_route_table.public_rt": {
                    "type": "aws_route_table",
                    "depends_on": [
                        "aws_internet_gateway.igw",
                        "aws_vpc.myvpc"
                    ],
                    "primary": {
                        "id": "rtb-4173e629",
                        "attributes": {
                            "id": "rtb-4173e629",
                            "propagating_vgws.#": "0",
                            "route.#": "1",
                            "route.168472299.cidr_block": "0.0.0.0/0",
                            "route.168472299.egress_only_gateway_id": "",
                            "route.168472299.gateway_id": "igw-fc91b995",
                            "route.168472299.instance_id": "",
                            "route.168472299.ipv6_cidr_block": "",
                            "route.168472299.nat_gateway_id": "",
                            "route.168472299.network_interface_id": "",
                            "route.168472299.vpc_peering_connection_id": "",
                            "tags.%": "1",
                            "tags.Name": "main",
                            "vpc_id": "vpc-bba702d3"
                        },
                        "meta": {},
                        "tainted": false
                    },
                    "deposed": [],
                    "provider": ""
                },
                "aws_route_table_association.a.0": {
                    "type": "aws_route_table_association",
                    "depends_on": [
                        "aws_route_table.public_rt",
                        "aws_subnet.subnets.*"
                    ],
                    "primary": {
                        "id": "rtbassoc-d2370bba",
                        "attributes": {
                            "id": "rtbassoc-d2370bba",
                            "route_table_id": "rtb-4173e629",
                            "subnet_id": "subnet-de3494b6"
                        },
                        "meta": {},
                        "tainted": false
                    },
                    "deposed": [],
                    "provider": ""
                },
                "aws_route_table_association.a.1": {
                    "type": "aws_route_table_association",
                    "depends_on": [
                        "aws_route_table.public_rt",
                        "aws_subnet.subnets.*"
                    ],
                    "primary": {
                        "id": "rtbassoc-60506c08",
                        "attributes": {
                            "id": "rtbassoc-60506c08",
                            "route_table_id": "rtb-4173e629",
                            "subnet_id": "subnet-c5b3a088"
                        },
                        "meta": {},
                        "tainted": false
                    },
                    "deposed": [],
                    "provider": ""
                },
                "aws_security_group.webservers_sg": {
                    "type": "aws_security_group",
                    "depends_on": [
                        "aws_vpc.myvpc"
                    ],
                    "primary": {
                        "id": "sg-873ec1ec",
                        "attributes": {
                            "description": "Allow http and ssh traffic",
                            "egress.#": "1",
                            "egress.482069346.cidr_blocks.#": "1",
                            "egress.482069346.cidr_blocks.0": "0.0.0.0/0",
                            "egress.482069346.description": "",
                            "egress.482069346.from_port": "0",
                            "egress.482069346.ipv6_cidr_blocks.#": "0",
                            "egress.482069346.prefix_list_ids.#": "0",
                            "egress.482069346.protocol": "-1",
                            "egress.482069346.security_groups.#": "0",
                            "egress.482069346.self": "false",
                            "egress.482069346.to_port": "0",
                            "id": "sg-873ec1ec",
                            "ingress.#": "2",
                            "ingress.2214680975.cidr_blocks.#": "1",
                            "ingress.2214680975.cidr_blocks.0": "0.0.0.0/0",
                            "ingress.2214680975.description": "",
                            "ingress.2214680975.from_port": "80",
                            "ingress.2214680975.ipv6_cidr_blocks.#": "0",
                            "ingress.2214680975.protocol": "tcp",
                            "ingress.2214680975.security_groups.#": "0",
                            "ingress.2214680975.self": "false",
                            "ingress.2214680975.to_port": "80",
                            "ingress.2541437006.cidr_blocks.#": "1",
                            "ingress.2541437006.cidr_blocks.0": "0.0.0.0/0",
                            "ingress.2541437006.description": "",
                            "ingress.2541437006.from_port": "22",
                            "ingress.2541437006.ipv6_cidr_blocks.#": "0",
                            "ingress.2541437006.protocol": "tcp",
                            "ingress.2541437006.security_groups.#": "0",
                            "ingress.2541437006.self": "false",
                            "ingress.2541437006.to_port": "22",
                            "name": "webservers_sg",
                            "owner_id": "915530126681",
                            "revoke_rules_on_delete": "false",
                            "tags.%": "0",
                            "vpc_id": "vpc-bba702d3"
                        },
                        "meta": {
                            "schema_version": "1"
                        },
                        "tainted": false
                    },
                    "deposed": [],
                    "provider": ""
                },
                "aws_subnet.subnets.0": {
                    "type": "aws_subnet",
                    "depends_on": [
                        "aws_vpc.myvpc"
                    ],
                    "primary": {
                        "id": "subnet-de3494b6",
                        "attributes": {
                            "assign_ipv6_address_on_creation": "false",
                            "availability_zone": "ap-south-1a",
                            "cidr_block": "10.20.1.0/24",
                            "id": "subnet-de3494b6",
                            "map_public_ip_on_launch": "false",
                            "tags.%": "1",
                            "tags.Name": "Subnet-1",
                            "vpc_id": "vpc-bba702d3"
                        },
                        "meta": {
                            "schema_version": "1"
                        },
                        "tainted": false
                    },
                    "deposed": [],
                    "provider": ""
                },
                "aws_subnet.subnets.1": {
                    "type": "aws_subnet",
                    "depends_on": [
                        "aws_vpc.myvpc"
                    ],
                    "primary": {
                        "id": "subnet-c5b3a088",
                        "attributes": {
                            "assign_ipv6_address_on_creation": "false",
                            "availability_zone": "ap-south-1b",
                            "cidr_block": "10.20.2.0/24",
                            "id": "subnet-c5b3a088",
                            "map_public_ip_on_launch": "false",
                            "tags.%": "1",
                            "tags.Name": "Subnet-2",
                            "vpc_id": "vpc-bba702d3"
                        },
                        "meta": {
                            "schema_version": "1"
                        },
                        "tainted": false
                    },
                    "deposed": [],
                    "provider": ""
                },
                "aws_vpc.myvpc": {
                    "type": "aws_vpc",
                    "depends_on": [],
                    "primary": {
                        "id": "vpc-bba702d3",
                        "attributes": {
                            "assign_generated_ipv6_cidr_block": "false",
                            "cidr_block": "10.20.0.0/16",
                            "default_network_acl_id": "acl-7b0d8813",
                            "default_route_table_id": "rtb-0372e76b",
                            "default_security_group_id": "sg-3e3ec155",
                            "dhcp_options_id": "dopt-6204ad0a",
                            "enable_dns_hostnames": "false",
                            "enable_dns_support": "true",
                            "id": "vpc-bba702d3",
                            "instance_tenancy": "default",
                            "main_route_table_id": "rtb-0372e76b",
                            "tags.%": "1",
                            "tags.Name": "myvpc"
                        },
                        "meta": {
                            "schema_version": "1"
                        },
                        "tainted": false
                    },
                    "deposed": [],
                    "provider": ""
                },
                "data.aws_availability_zones.azs": {
                    "type": "aws_availability_zones",
                    "depends_on": [],
                    "primary": {
                        "id": "2018-01-29 02:58:52.886119023 +0000 UTC",
                        "attributes": {
                            "id": "2018-01-29 02:58:52.886119023 +0000 UTC",
                            "names.#": "2",
                            "names.0": "ap-south-1a",
                            "names.1": "ap-south-1b"
                        },
                        "meta": {},
                        "tainted": false
                    },
                    "deposed": [],
                    "provider": ""
                }
            },
            "depends_on": []
        }
    ]
}
